{
  "name": "planetcode",
  "version": "0.1.0",
  "lockfileVersion": 3,
  "requires": true,
  "packages": {
    "": {
      "name": "planetcode",
      "version": "0.1.0",
      "dependencies": {
        "pnpm": "^12.4.2"
      },
      "devDependencies": {
        "prettier": "^3.4.0",
        "turbo": "^2.3.0"
      }
    },
    "node_modules/@pnpm/exe.android-arm64": {
      "version": "12.4.2",
      "resolved": "https://registry.npmjs.org/@pnpm/exe.android-arm64/-/exe.android-arm64-12.4.2.tgz",
      "integrity": "sha512-E255MbcQ0V1577M2BV0ajWuP7KmTPYA0jqZnk3rK6Lq3kTvZWulMMb7iqRmnLsQbyWTkMEB2CfyM70loVDA8xg==",
      "cpu": [
        "arm64"
      ],
      "license": "MIT",
      "optional": true,
      "os": [
        "android"
      ]
    },
    "node_modules/@pnpm/exe.android-x64": {
      "version": "12.4.2",
      "resolved": "https://registry.npmjs.org/@pnpm/exe.android-x64/-/exe.android-x64-12.4.2.tgz",
      "integrity": "sha512-J1pSeCUwuKxMG70ZzpWn8JzElxiEa8NN/3N0SlZRtU2xbztChaJCKF3HaBNIj9yPfeofWzJo/lwNvDDjraQuZw==",
      "cpu": [
        "x64"
      ],
      "license": "MIT",
      "optional": true,
      "os": [
        "android"
      ]
    },
    "node_modules/@pnpm/exe.darwin-arm64": {
      "version": "12.4.2",
      "resolved": "https://registry.npmjs.org/@pnpm/exe.darwin-arm64/-/exe.darwin-arm64-12.4.2.tgz",
      "integrity": "sha512-A0WDo8iErfZBXgrLseQxw8i8Y9ctUpOEl/Uu+cubnTzpD8tT9ykIB548L8YTM2WD4OS+ZOHSxy8aGZcvKq8PaQ==",
      "cpu": [
        "arm64"
      ],
      "license": "MIT",
      "optional": true,
      "os": [
        "darwin"
      ]
    },
    "node_modules/@pnpm/exe.darwin-x64": {
      "version": "12.4.2",
      "resolved": "https://registry.npmjs.org/@pnpm/exe.darwin-x64/-/exe.darwin-x64-12.4.2.tgz",
      "integrity": "sha512-MSgJdovBWHcb5DEOvfPH9yNi/T5O1Xa4ess+E1ESGo/5yuty7S4JoiIjami+fsNXfnoQMlwsMUqYU4zAvBcNCw==",
      "cpu": [
        "x64"
      ],
      "license": "MIT",
      "optional": true,
      "os": [
        "darwin"
      ]
    },
    "node_modules/@pnpm/exe.freebsd-x64": {
      "version": "12.4.2",
      "resolved": "https://registry.npmjs.org/@pnpm/exe.freebsd-x64/-/exe.freebsd-x64-12.4.2.tgz",
      "integrity": "sha512-h2YumlQSNvgbRPv+RXwABohX65f9bOBZn+jMIt7bFDISZPCzQ+Nvpt6Awbp4ip5PwQgYxbu5iREJ1fHE39Fm8A==",
      "cpu": [
        "x64"
      ],
      "license": "MIT",
      "optional": true,
      "os": [
        "freebsd"
      ]
    },
    "node_modules/@pnpm/exe.linux-arm64": {
      "version": "12.4.2",
      "resolved": "https://registry.npmjs.org/@pnpm/exe.linux-arm64/-/exe.linux-arm64-12.4.2.tgz",
      "integrity": "sha512-2dSiDXyhx+RTHsewxex8f/jVjqQXWJ2oow4kCVHEWdZKeBpgMxvZ6fHkTAUBJXgqhbKIDHvuNlZBP7gJfUWL5A==",
      "cpu": [
        "arm64"
      ],
      "libc": [
        "glibc"
      ],
      "license": "MIT",
      "optional": true,
      "os": [
        "linux"
      ]
    },
    "node_modules/@pnpm/exe.linux-arm64-musl": {
      "version": "12.4.2",
      "resolved": "https://registry.npmjs.org/@pnpm/exe.linux-arm64-musl/-/exe.linux-arm64-musl-12.4.2.tgz",
      "integrity": "sha512-LwSEtSEDTv6S51YLs3YvSkPyun/QmfMic1UGICUkPWFu6ByP43RdMlkKvmVkfGhAYCpnxO057vrmyJqtfZrPCA==",
      "cpu": [
        "arm64"
      ],
      "libc": [
        "musl"
      ],
      "license": "MIT",
      "optional": true,
      "os": [
        "linux"
      ]
    },
    "node_modules/@pnpm/exe.linux-ppc64": {
      "version": "12.4.2",
      "resolved": "https://registry.npmjs.org/@pnpm/exe.linux-ppc64/-/exe.linux-ppc64-12.4.2.tgz",
      "integrity": "sha512-8Itc+jQk+MTz04LS9D1RcH+VctAWmzM4l1cJQ+Sx7pAJNo7EKHdRMbC0Tok1jyQ7eEHNJZD5EleYneZqWfZM+g==",
      "cpu": [
        "ppc64"
      ],
      "libc": [
        "glibc"
      ],
      "license": "MIT",
      "optional": true,
      "os": [
        "linux"
      ]
    },
    "node_modules/@pnpm/exe.linux-riscv64": {
      "version": "12.4.2",
      "resolved": "https://registry.npmjs.org/@pnpm/exe.linux-riscv64/-/exe.linux-riscv64-12.4.2.tgz",
      "integrity": "sha512-hleOeqhTVpH+z9RVMGnxvU4ZnrkBUClWjCbHD9u6kwyqhGSpevoU1wTGish+CBRhmIgMAy9pAfFpqhbAKOKNfw==",
      "cpu": [
        "riscv64"
      ],
      "libc": [
        "glibc"
      ],
      "license": "MIT",
      "optional": true,
      "os": [
        "linux"
      ]
    },
    "node_modules/@pnpm/exe.linux-s390x": {
      "version": "12.4.2",
      "resolved": "https://registry.npmjs.org/@pnpm/exe.linux-s390x/-/exe.linux-s390x-12.4.2.tgz",
      "integrity": "sha512-LAsQRRdP9aToENR6dtcIJ9l+e1zMYOX0tQcLGpRyLPVBQcYRLlvAPcmDshsiIHQjp05SDa9FI0czX1ZQ1a7a/A==",
      "cpu": [
        "s390x"
      ],
      "libc": [
        "glibc"
      ],
      "license": "MIT",
      "optional": true,
      "os": [
        "linux"
      ]
    },
    "node_modules/@pnpm/exe.linux-x64": {
      "version": "12.4.2",
      "resolved": "https://registry.npmjs.org/@pnpm/exe.linux-x64/-/exe.linux-x64-12.4.2.tgz",
      "integrity": "sha512-/pbt0UVTa8NMDhzOWLQRfZ6G9ROKXlJPZtx845BqyWfc7hCrWXhTLBd70yO2y8+E+IWN3oHM1s/JsIQNGk1yvg==",
      "cpu": [
        "x64"
      ],
      "libc": [
        "glibc"
      ],
      "license": "MIT",
      "optional": true,
      "os": [
        "linux"
      ]
    },
    "node_modules/@pnpm/exe.linux-x64-musl": {
      "version": "12.4.2",
      "resolved": "https://registry.npmjs.org/@pnpm/exe.linux-x64-musl/-/exe.linux-x64-musl-12.4.2.tgz",
      "integrity": "sha512-kzfzH2/0BWdTABK14Yj5a1xsdkTEQUp2eXEPNakaD9jKL025lq3hyaKHIz/gIZaPDMe/1bFFK/En4ztFlbBJxw==",
      "cpu": [
        "x64"
      ],
      "libc": [
        "musl"
      ],
      "license": "MIT",
      "optional": true,
      "os": [
        "linux"
      ]
    },
    "node_modules/@pnpm/exe.win32-arm64": {
      "version": "12.4.2",
      "resolved": "https://registry.npmjs.org/@pnpm/exe.win32-arm64/-/exe.win32-arm64-12.4.2.tgz",
      "integrity": "sha512-PsW19e4dAUNpZ0cS9flaxFuAmpt2dKlH/Vvi8TZ4qyJjjQzue/CEsWm+6wKVP4CJ7IT8RdL4qh+soOPWIgF2Zw==",
      "cpu": [
        "arm64"
      ],
      "license": "MIT",
      "optional": true,
      "os": [
        "win32"
      ]
    },
    "node_modules/@pnpm/exe.win32-x64": {
      "version": "12.4.2",
      "resolved": "https://registry.npmjs.org/@pnpm/exe.win32-x64/-/exe.win32-x64-12.4.2.tgz",
      "integrity": "sha512-+xGoeE0g55ztWvl8i5QqdmNfW3nIrTVcoQrNshEOwxthm9Ag48oXton3uxOA3/SANyz5AXexEjj2KO20NnOrEw==",
      "cpu": [
        "x64"
      ],
      "license": "MIT",
      "optional": true,
      "os": [
        "win32"
      ]
    },
    "node_modules/@turbo/darwin-64": {
      "version": "2.10.13",
      "resolved": "https://registry.npmjs.org/@turbo/darwin-64/-/darwin-64-2.10.13.tgz",
      "integrity": "sha512-m5DBcpkxmcKpEJHHFUfqf9GLUjSmw3cDnBJM9nghPW3kjCNb5OyNKmzG7/yT5x5AwzOO+HMwKN+UI4iVKL87YA==",
      "cpu": [
        "x64"
      ],
      "dev": true,
      "license": "MIT",
      "optional": true,
      "os": [
        "darwin"
      ]
    },
    "node_modules/@turbo/darwin-arm64": {
      "version": "2.10.13",
      "resolved": "https://registry.npmjs.org/@turbo/darwin-arm64/-/darwin-arm64-2.10.13.tgz",
      "integrity": "sha512-vfKPvSuoY8BJGj8M8yN+a7aq1g+CejbEacDSDlJLDkSbPN3J/U1DbYAmPG8Ype5XvImI0SgfvUhIorNnFj67zw==",
      "cpu": [
        "arm64"
      ],
      "dev": true,
      "license": "MIT",
      "optional": true,
      "os": [
        "darwin"
      ]
    },
    "node_modules/@turbo/linux-64": {
      "version": "2.10.13",
      "resolved": "https://registry.npmjs.org/@turbo/linux-64/-/linux-64-2.10.13.tgz",
      "integrity": "sha512-Zp0N5M6j9iEjJtFLTA2L+52TLuYy0VbXT3zLZzfMeqqdKSUJ7pDo2pA1NhqjoQcF2dIsktZ8xZRW3pGI6T81fw==",
      "cpu": [
        "x64"
      ],
      "dev": true,
      "license": "MIT",
      "optional": true,
      "os": [
        "android",
        "linux"
      ]
    },
    "node_modules/@turbo/linux-arm64": {
      "version": "2.10.13",
      "resolved": "https://registry.npmjs.org/@turbo/linux-arm64/-/linux-arm64-2.10.13.tgz",
      "integrity": "sha512-M8XcfWdS2D4EP3wzd5ehUyCANucMIOsRE6gZuV0Mr2NIn+FpsUjXFCh7r9HY7GnNcjXH4tUnT76OsCDg2c0Fng==",
      "cpu": [
        "arm64"
      ],
      "dev": true,
      "license": "MIT",
      "optional": true,
      "os": [
        "android",
        "linux"
      ]
    },
    "node_modules/@turbo/windows-64": {
      "version": "2.10.13",
      "resolved": "https://registry.npmjs.org/@turbo/windows-64/-/windows-64-2.10.13.tgz",
      "integrity": "sha512-QFd3KBMpBBCc31TbxMnxgdBivie8lxJXV8EqmanH8fg8l2e1BdCLWpZJbxk48VNvcF4LHUnwO0FJOq+veKN1cw==",
      "cpu": [
        "x64"
      ],
      "dev": true,
      "license": "MIT",
      "optional": true,
      "os": [
        "win32"
      ]
    },
    "node_modules/@turbo/windows-arm64": {
      "version": "2.10.13",
      "resolved": "https://registry.npmjs.org/@turbo/windows-arm64/-/windows-arm64-2.10.13.tgz",
      "integrity": "sha512-rM+cFO1P8iAHXdasOdMyK9nDk0UGII7VEFLIA8+jwv/+rh48pnVBbF2OSjJDBOw57pxNLIOEDA0JyKcarTBcIw==",
      "cpu": [
        "arm64"
      ],
      "dev": true,
      "license": "MIT",
      "optional": true,
      "os": [
        "win32"
      ]
    },
    "node_modules/pnpm": {
      "version": "12.4.2",
      "resolved": "https://registry.npmjs.org/pnpm/-/pnpm-12.4.2.tgz",
      "integrity": "sha512-CK3GYTGAJ1x8ntraOdzwjJxhrU5+rzMKTzRh8QKw+QdCNFTRF/mOctR/7wYWBwZE17/8lzpqV/UJCm18NosHyQ==",
      "hasInstallScript": true,
      "license": "MIT",
      "bin": {
        "pn": "pn",
        "pnpm": "pnpm",
        "pnpx": "pnpx",
        "pnx": "pnx"
      },
      "engines": {
        "node": ">=18.*"
      },
      "optionalDependencies": {
        "@pnpm/exe.android-arm64": "12.4.2",
        "@pnpm/exe.android-x64": "12.4.2",
        "@pnpm/exe.darwin-arm64": "12.4.2",
        "@pnpm/exe.darwin-x64": "12.4.2",
        "@pnpm/exe.freebsd-x64": "12.4.2",
        "@pnpm/exe.linux-arm64": "12.4.2",
        "@pnpm/exe.linux-arm64-musl": "12.4.2",
        "@pnpm/exe.linux-ppc64": "12.4.2",
        "@pnpm/exe.linux-riscv64": "12.4.2",
        "@pnpm/exe.linux-s390x": "12.4.2",
        "@pnpm/exe.linux-x64": "12.4.2",
        "@pnpm/exe.linux-x64-musl": "12.4.2",
        "@pnpm/exe.win32-arm64": "12.4.2",
        "@pnpm/exe.win32-x64": "12.4.2"
      }
    },
    "node_modules/prettier": {
      "version": "3.9.6",
      "resolved": "https://registry.npmjs.org/prettier/-/prettier-3.9.6.tgz",
      "integrity": "sha512-OpN0zzVdiaiAhxpuuj5efpIS4sY9j7bY6uR5mnj5yPzGkdkjNKSJeUThPb60Jw29QuAZgA4o+/iB49kFiaBX6g==",
      "dev": true,
      "license": "MIT",
      "bin": {
        "prettier": "bin/prettier.cjs"
      },
      "engines": {
        "node": ">=14"
      },
      "funding": {
        "url": "https://github.com/prettier/prettier?sponsor=1"
      }
    },
    "node_modules/turbo": {
      "version": "2.10.13",
      "resolved": "https://registry.npmjs.org/turbo/-/turbo-2.10.13.tgz",
      "integrity": "sha512-69MkPbjk+G8oyC7pC2DeBk0rPdbLz51wuH5eAT0Q4BVJkzq/b1XM4kUUidsARbmDjwIELSJwd1ezITULY9kWNw==",
      "dev": true,
      "license": "MIT",
      "bin": {
        "turbo": "bin/turbo"
      },
      "optionalDependencies": {
        "@turbo/darwin-64": "2.10.13",
        "@turbo/darwin-arm64": "2.10.13",
        "@turbo/linux-64": "2.10.13",
        "@turbo/linux-arm64": "2.10.13",
        "@turbo/windows-64": "2.10.13",
        "@turbo/windows-arm64": "2.10.13"
      }
    }
  }
}
